
Microsoft Visual Studio Solution File, Format Version 12.00
# Visual Studio 15
VisualStudioVersion = 15.0.26430.6
MinimumVisualStudioVersion = 10.0.40219.1
Project("{D954291E-2A0B-460D-934E-DC6B0785DB48}") = "TutorialXL", "TutorialXL\TutorialXL\TutorialXL.shproj", "{3F102297-1DA7-43E7-85A8-9C68EA4A91F9}"
EndProject
Project("{FAE04EC0-301F-11D3-BF4B-00C04F79EFBC}") = "TutorialXL.Android", "TutorialXL\TutorialXL.Android\TutorialXL.Android.csproj", "{B6854941-23FA-46C8-8273-A1D79A07EE71}"
EndProject
Project("{FAE04EC0-301F-11D3-BF4B-00C04F79EFBC}") = "TutorialXL.iOS", "TutorialXL\TutorialXL.iOS\TutorialXL.iOS.csproj", "{2BFD56DC-6478-4F4F-B5EF-8384704DA9C8}"
EndProject
Project("{FAE04EC0-301F-11D3-BF4B-00C04F79EFBC}") = "TutorialXL.UWP", "TutorialXL\TutorialXL.UWP\TutorialXL.UWP.csproj", "{2E58477F-B1DC-4555-9284-FDA667283BC6}"
EndProject
Global
	GlobalSection(SharedMSBuildProjectFiles) = preSolution
		TutorialXL\TutorialXL\TutorialXL.projitems*{2bfd56dc-6478-4f4f-b5ef-8384704da9c8}*SharedItemsImports = 4
		TutorialXL\TutorialXL\TutorialXL.projitems*{2e58477f-b1dc-4555-9284-fda667283bc6}*SharedItemsImports = 4
		TutorialXL\TutorialXL\TutorialXL.projitems*{3f102297-1da7-43e7-85a8-9c68ea4a91f9}*SharedItemsImports = 13
		TutorialXL\TutorialXL\TutorialXL.projitems*{b6854941-23fa-46c8-8273-a1d79a07ee71}*SharedItemsImports = 4
	EndGlobalSection
	GlobalSection(SolutionConfigurationPlatforms) = preSolution
		Ad-Hoc|Any CPU = Ad-Hoc|Any CPU
		Ad-Hoc|ARM = Ad-Hoc|ARM
		Ad-Hoc|iPhone = Ad-Hoc|iPhone
		Ad-Hoc|iPhoneSimulator = Ad-Hoc|iPhoneSimulator
		Ad-Hoc|x64 = Ad-Hoc|x64
		Ad-Hoc|x86 = Ad-Hoc|x86
		AppStore|Any CPU = AppStore|Any CPU
		AppStore|ARM = AppStore|ARM
		AppStore|iPhone = AppStore|iPhone
		AppStore|iPhoneSimulator = AppStore|iPhoneSimulator
		AppStore|x64 = AppStore|x64
		AppStore|x86 = AppStore|x86
		Debug|Any CPU = Debug|Any CPU
		Debug|ARM = Debug|ARM
		Debug|iPhone = Debug|iPhone
		Debug|iPhoneSimulator = Debug|iPhoneSimulator
		Debug|x64 = Debug|x64
		Debug|x86 = Debug|x86
		Release|Any CPU = Release|Any CPU
		Release|ARM = Release|ARM
		Release|iPhone = Release|iPhone
		Release|iPhoneSimulator = Release|iPhoneSimulator
		Release|x64 = Release|x64
		Release|x86 = Release|x86
	EndGlobalSection
	GlobalSection(ProjectConfigurationPlatforms) = postSolution
		{B6854941-23FA-46C8-8273-A1D79A07EE71}.Ad-Hoc|Any CPU.ActiveCfg = Release|Any CPU
		{B6854941-23FA-46C8-8273-A1D79A07EE71}.Ad-Hoc|Any CPU.Build.0 = Release|Any CPU
		{B6854941-23FA-46C8-8273-A1D79A07EE71}.Ad-Hoc|Any CPU.Deploy.0 = Release|Any CPU
		{B6854941-23FA-46C8-8273-A1D79A07EE71}.Ad-Hoc|ARM.ActiveCfg = Release|Any CPU
		{B6854941-23FA-46C8-8273-A1D79A07EE71}.Ad-Hoc|ARM.Build.0 = Release|Any CPU
		{B6854941-23FA-46C8-8273-A1D79A07EE71}.Ad-Hoc|ARM.Deploy.0 = Release|Any CPU
		{B6854941-23FA-46C8-8273-A1D79A07EE71}.Ad-Hoc|iPhone.ActiveCfg = Release|Any CPU
		{B6854941-23FA-46C8-8273-A1D79A07EE71}.Ad-Hoc|iPhone.Build.0 = Release|Any CPU
		{B6854941-23FA-46C8-8273-A1D79A07EE71}.Ad-Hoc|iPhone.Deploy.0 = Release|Any CPU
		{B6854941-23FA-46C8-8273-A1D79A07EE71}.Ad-Hoc|iPhoneSimulator.ActiveCfg = Release|Any CPU
		{B6854941-23FA-46C8-8273-A1D79A07EE71}.Ad-Hoc|iPhoneSimulator.Build.0 = Release|Any CPU
		{B6854941-23FA-46C8-8273-A1D79A07EE71}.Ad-Hoc|iPhoneSimulator.Deploy.0 = Release|Any CPU
		{B6854941-23FA-46C8-8273-A1D79A07EE71}.Ad-Hoc|x64.ActiveCfg = Release|Any CPU
		{B6854941-23FA-46C8-8273-A1D79A07EE71}.Ad-Hoc|x64.Build.0 = Release|Any CPU
		{B6854941-23FA-46C8-8273-A1D79A07EE71}.Ad-Hoc|x64.Deploy.0 = Release|Any CPU
		{B6854941-23FA-46C8-8273-A1D79A07EE71}.Ad-Hoc|x86.ActiveCfg = Release|Any CPU
		{B6854941-23FA-46C8-8273-A1D79A07EE71}.Ad-Hoc|x86.Build.0 = Release|Any CPU
		{B6854941-23FA-46C8-8273-A1D79A07EE71}.Ad-Hoc|x86.Deploy.0 = Release|Any CPU
		{B6854941-23FA-46C8-8273-A1D79A07EE71}.AppStore|Any CPU.ActiveCfg = Release|Any CPU
		{B6854941-23FA-46C8-8273-A1D79A07EE71}.AppStore|Any CPU.Build.0 = Release|Any CPU
		{B6854941-23FA-46C8-8273-A1D79A07EE71}.AppStore|Any CPU.Deploy.0 = Release|Any CPU
		{B6854941-23FA-46C8-8273-A1D79A07EE71}.AppStore|ARM.ActiveCfg = Release|Any CPU
		{B6854941-23FA-46C8-8273-A1D79A07EE71}.AppStore|ARM.Build.0 = Release|Any CPU
		{B6854941-23FA-46C8-8273-A1D79A07EE71}.AppStore|ARM.Deploy.0 = Release|Any CPU
		{B6854941-23FA-46C8-8273-A1D79A07EE71}.AppStore|iPhone.ActiveCfg = Release|Any CPU
		{B6854941-23FA-46C8-8273-A1D79A07EE71}.AppStore|iPhone.Build.0 = Release|Any CPU
		{B6854941-23FA-46C8-8273-A1D79A07EE71}.AppStore|iPhone.Deploy.0 = Release|Any CPU
		{B6854941-23FA-46C8-8273-A1D79A07EE71}.AppStore|iPhoneSimulator.ActiveCfg = Release|Any CPU
		{B6854941-23FA-46C8-8273-A1D79A07EE71}.AppStore|iPhoneSimulator.Build.0 = Release|Any CPU
		{B6854941-23FA-46C8-8273-A1D79A07EE71}.AppStore|iPhoneSimulator.Deploy.0 = Release|Any CPU
		{B6854941-23FA-46C8-8273-A1D79A07EE71}.AppStore|x64.ActiveCfg = Release|Any CPU
		{B6854941-23FA-46C8-8273-A1D79A07EE71}.AppStore|x64.Build.0 = Release|Any CPU
		{B6854941-23FA-46C8-8273-A1D79A07EE71}.AppStore|x64.Deploy.0 = Release|Any CPU
		{B6854941-23FA-46C8-8273-A1D79A07EE71}.AppStore|x86.ActiveCfg = Release|Any CPU
		{B6854941-23FA-46C8-8273-A1D79A07EE71}.AppStore|x86.Build.0 = Release|Any CPU
		{B6854941-23FA-46C8-8273-A1D79A07EE71}.AppStore|x86.Deploy.0 = Release|Any CPU
		{B6854941-23FA-46C8-8273-A1D79A07EE71}.Debug|Any CPU.ActiveCfg = Debug|Any CPU
		{B6854941-23FA-46C8-8273-A1D79A07EE71}.Debug|Any CPU.Build.0 = Debug|Any CPU
		{B6854941-23FA-46C8-8273-A1D79A07EE71}.Debug|Any CPU.Deploy.0 = Debug|Any CPU
		{B6854941-23FA-46C8-8273-A1D79A07EE71}.Debug|ARM.ActiveCfg = Debug|Any CPU
		{B6854941-23FA-46C8-8273-A1D79A07EE71}.Debug|ARM.Build.0 = Debug|Any CPU
		{B6854941-23FA-46C8-8273-A1D79A07EE71}.Debug|ARM.Deploy.0 = Debug|Any CPU
		{B6854941-23FA-46C8-8273-A1D79A07EE71}.Debug|iPhone.ActiveCfg = Debug|Any CPU
		{B6854941-23FA-46C8-8273-A1D79A07EE71}.Debug|iPhone.Build.0 = Debug|Any CPU
		{B6854941-23FA-46C8-8273-A1D79A07EE71}.Debug|iPhone.Deploy.0 = Debug|Any CPU
		{B6854941-23FA-46C8-8273-A1D79A07EE71}.Debug|iPhoneSimulator.ActiveCfg = Debug|Any CPU
		{B6854941-23FA-46C8-8273-A1D79A07EE71}.Debug|iPhoneSimulator.Build.0 = Debug|Any CPU
		{B6854941-23FA-46C8-8273-A1D79A07EE71}.Debug|iPhoneSimulator.Deploy.0 = Debug|Any CPU
		{B6854941-23FA-46C8-8273-A1D79A07EE71}.Debug|x64.ActiveCfg = Debug|Any CPU
		{B6854941-23FA-46C8-8273-A1D79A07EE71}.Debug|x64.Build.0 = Debug|Any CPU
		{B6854941-23FA-46C8-8273-A1D79A07EE71}.Debug|x64.Deploy.0 = Debug|Any CPU
		{B6854941-23FA-46C8-8273-A1D79A07EE71}.Debug|x86.ActiveCfg = Debug|Any CPU
		{B6854941-23FA-46C8-8273-A1D79A07EE71}.Debug|x86.Build.0 = Debug|Any CPU
		{B6854941-23FA-46C8-8273-A1D79A07EE71}.Debug|x86.Deploy.0 = Debug|Any CPU
		{B6854941-23FA-46C8-8273-A1D79A07EE71}.Release|Any CPU.ActiveCfg = Release|Any CPU
		{B6854941-23FA-46C8-8273-A1D79A07EE71}.Release|Any CPU.Build.0 = Release|Any CPU
		{B6854941-23FA-46C8-8273-A1D79A07EE71}.Release|Any CPU.Deploy.0 = Release|Any CPU
		{B6854941-23FA-46C8-8273-A1D79A07EE71}.Release|ARM.ActiveCfg = Release|Any CPU
		{B6854941-23FA-46C8-8273-A1D79A07EE71}.Release|ARM.Build.0 = Release|Any CPU
		{B6854941-23FA-46C8-8273-A1D79A07EE71}.Release|ARM.Deploy.0 = Release|Any CPU
		{B6854941-23FA-46C8-8273-A1D79A07EE71}.Release|iPhone.ActiveCfg = Release|Any CPU
		{B6854941-23FA-46C8-8273-A1D79A07EE71}.Release|iPhone.Build.0 = Release|Any CPU
		{B6854941-23FA-46C8-8273-A1D79A07EE71}.Release|iPhone.Deploy.0 = Release|Any CPU
		{B6854941-23FA-46C8-8273-A1D79A07EE71}.Release|iPhoneSimulator.ActiveCfg = Release|Any CPU
		{B6854941-23FA-46C8-8273-A1D79A07EE71}.Release|iPhoneSimulator.Build.0 = Release|Any CPU
		{B6854941-23FA-46C8-8273-A1D79A07EE71}.Release|iPhoneSimulator.Deploy.0 = Release|Any CPU
		{B6854941-23FA-46C8-8273-A1D79A07EE71}.Release|x64.ActiveCfg = Release|Any CPU
		{B6854941-23FA-46C8-8273-A1D79A07EE71}.Release|x64.Build.0 = Release|Any CPU
		{B6854941-23FA-46C8-8273-A1D79A07EE71}.Release|x64.Deploy.0 = Release|Any CPU
		{B6854941-23FA-46C8-8273-A1D79A07EE71}.Release|x86.ActiveCfg = Release|Any CPU
		{B6854941-23FA-46C8-8273-A1D79A07EE71}.Release|x86.Build.0 = Release|Any CPU
		{B6854941-23FA-46C8-8273-A1D79A07EE71}.Release|x86.Deploy.0 = Release|Any CPU
		{2BFD56DC-6478-4F4F-B5EF-8384704DA9C8}.Ad-Hoc|Any CPU.ActiveCfg = Ad-Hoc|iPhone
		{2BFD56DC-6478-4F4F-B5EF-8384704DA9C8}.Ad-Hoc|ARM.ActiveCfg = Ad-Hoc|iPhone
		{2BFD56DC-6478-4F4F-B5EF-8384704DA9C8}.Ad-Hoc|iPhone.ActiveCfg = Ad-Hoc|iPhone
		{2BFD56DC-6478-4F4F-B5EF-8384704DA9C8}.Ad-Hoc|iPhone.Build.0 = Ad-Hoc|iPhone
		{2BFD56DC-6478-4F4F-B5EF-8384704DA9C8}.Ad-Hoc|iPhoneSimulator.ActiveCfg = Ad-Hoc|iPhoneSimulator
		{2BFD56DC-6478-4F4F-B5EF-8384704DA9C8}.Ad-Hoc|iPhoneSimulator.Build.0 = Ad-Hoc|iPhoneSimulator
		{2BFD56DC-6478-4F4F-B5EF-8384704DA9C8}.Ad-Hoc|x64.ActiveCfg = Ad-Hoc|iPhone
		{2BFD56DC-6478-4F4F-B5EF-8384704DA9C8}.Ad-Hoc|x86.ActiveCfg = Ad-Hoc|iPhone
		{2BFD56DC-6478-4F4F-B5EF-8384704DA9C8}.AppStore|Any CPU.ActiveCfg = AppStore|iPhone
		{2BFD56DC-6478-4F4F-B5EF-8384704DA9C8}.AppStore|ARM.ActiveCfg = AppStore|iPhone
		{2BFD56DC-6478-4F4F-B5EF-8384704DA9C8}.AppStore|iPhone.ActiveCfg = AppStore|iPhone
		{2BFD56DC-6478-4F4F-B5EF-8384704DA9C8}.AppStore|iPhone.Build.0 = AppStore|iPhone
		{2BFD56DC-6478-4F4F-B5EF-8384704DA9C8}.AppStore|iPhoneSimulator.ActiveCfg = AppStore|iPhoneSimulator
		{2BFD56DC-6478-4F4F-B5EF-8384704DA9C8}.AppStore|iPhoneSimulator.Build.0 = AppStore|iPhoneSimulator
		{2BFD56DC-6478-4F4F-B5EF-8384704DA9C8}.AppStore|x64.ActiveCfg = AppStore|iPhone
		{2BFD56DC-6478-4F4F-B5EF-8384704DA9C8}.AppStore|x86.ActiveCfg = AppStore|iPhone
		{2BFD56DC-6478-4F4F-B5EF-8384704DA9C8}.Debug|Any CPU.ActiveCfg = Debug|iPhone
		{2BFD56DC-6478-4F4F-B5EF-8384704DA9C8}.Debug|ARM.ActiveCfg = Debug|iPhone
		{2BFD56DC-6478-4F4F-B5EF-8384704DA9C8}.Debug|iPhone.ActiveCfg = Debug|iPhone
		{2BFD56DC-6478-4F4F-B5EF-8384704DA9C8}.Debug|iPhone.Build.0 = Debug|iPhone
		{2BFD56DC-6478-4F4F-B5EF-8384704DA9C8}.Debug|iPhoneSimulator.ActiveCfg = Debug|iPhoneSimulator
		{2BFD56DC-6478-4F4F-B5EF-8384704DA9C8}.Debug|iPhoneSimulator.Build.0 = Debug|iPhoneSimulator
		{2BFD56DC-6478-4F4F-B5EF-8384704DA9C8}.Debug|x64.ActiveCfg = Debug|iPhone
		{2BFD56DC-6478-4F4F-B5EF-8384704DA9C8}.Debug|x86.ActiveCfg = Debug|iPhone
		{2BFD56DC-6478-4F4F-B5EF-8384704DA9C8}.Release|Any CPU.ActiveCfg = Release|iPhone
		{2BFD56DC-6478-4F4F-B5EF-8384704DA9C8}.Release|ARM.ActiveCfg = Release|iPhone
		{2BFD56DC-6478-4F4F-B5EF-8384704DA9C8}.Release|iPhone.ActiveCfg = Release|iPhone
		{2BFD56DC-6478-4F4F-B5EF-8384704DA9C8}.Release|iPhone.Build.0 = Release|iPhone
		{2BFD56DC-6478-4F4F-B5EF-8384704DA9C8}.Release|iPhoneSimulator.ActiveCfg = Release|iPhoneSimulator
		{2BFD56DC-6478-4F4F-B5EF-8384704DA9C8}.Release|iPhoneSimulator.Build.0 = Release|iPhoneSimulator
		{2BFD56DC-6478-4F4F-B5EF-8384704DA9C8}.Release|x64.ActiveCfg = Release|iPhone
		{2BFD56DC-6478-4F4F-B5EF-8384704DA9C8}.Release|x86.ActiveCfg = Release|iPhone
		{2E58477F-B1DC-4555-9284-FDA667283BC6}.Ad-Hoc|Any CPU.ActiveCfg = Release|x86
		{2E58477F-B1DC-4555-9284-FDA667283BC6}.Ad-Hoc|Any CPU.Build.0 = Release|x86
		{2E58477F-B1DC-4555-9284-FDA667283BC6}.Ad-Hoc|Any CPU.Deploy.0 = Release|x86
		{2E58477F-B1DC-4555-9284-FDA667283BC6}.Ad-Hoc|ARM.ActiveCfg = Release|ARM
		{2E58477F-B1DC-4555-9284-FDA667283BC6}.Ad-Hoc|ARM.Build.0 = Release|ARM
		{2E58477F-B1DC-4555-9284-FDA667283BC6}.Ad-Hoc|ARM.Deploy.0 = Release|ARM
		{2E58477F-B1DC-4555-9284-FDA667283BC6}.Ad-Hoc|iPhone.ActiveCfg = Release|x86
		{2E58477F-B1DC-4555-9284-FDA667283BC6}.Ad-Hoc|iPhone.Build.0 = Release|x86
		{2E58477F-B1DC-4555-9284-FDA667283BC6}.Ad-Hoc|iPhone.Deploy.0 = Release|x86
		{2E58477F-B1DC-4555-9284-FDA667283BC6}.Ad-Hoc|iPhoneSimulator.ActiveCfg = Release|x86
		{2E58477F-B1DC-4555-9284-FDA667283BC6}.Ad-Hoc|iPhoneSimulator.Build.0 = Release|x86
		{2E58477F-B1DC-4555-9284-FDA667283BC6}.Ad-Hoc|iPhoneSimulator.Deploy.0 = Release|x86
		{2E58477F-B1DC-4555-9284-FDA667283BC6}.Ad-Hoc|x64.ActiveCfg = Release|x64
		{2E58477F-B1DC-4555-9284-FDA667283BC6}.Ad-Hoc|x64.Build.0 = Release|x64
		{2E58477F-B1DC-4555-9284-FDA667283BC6}.Ad-Hoc|x64.Deploy.0 = Release|x64
		{2E58477F-B1DC-4555-9284-FDA667283BC6}.Ad-Hoc|x86.ActiveCfg = Release|x86
		{2E58477F-B1DC-4555-9284-FDA667283BC6}.Ad-Hoc|x86.Build.0 = Release|x86
		{2E58477F-B1DC-4555-9284-FDA667283BC6}.Ad-Hoc|x86.Deploy.0 = Release|x86
		{2E58477F-B1DC-4555-9284-FDA667283BC6}.AppStore|Any CPU.ActiveCfg = Release|x86
		{2E58477F-B1DC-4555-9284-FDA667283BC6}.AppStore|Any CPU.Build.0 = Release|x86
		{2E58477F-B1DC-4555-9284-FDA667283BC6}.AppStore|Any CPU.Deploy.0 = Release|x86
		{2E58477F-B1DC-4555-9284-FDA667283BC6}.AppStore|ARM.ActiveCfg = Release|ARM
		{2E58477F-B1DC-4555-9284-FDA667283BC6}.AppStore|ARM.Build.0 = Release|ARM
		{2E58477F-B1DC-4555-9284-FDA667283BC6}.AppStore|ARM.Deploy.0 = Release|ARM
		{2E58477F-B1DC-4555-9284-FDA667283BC6}.AppStore|iPhone.ActiveCfg = Release|x86
		{2E58477F-B1DC-4555-9284-FDA667283BC6}.AppStore|iPhone.Build.0 = Release|x86
		{2E58477F-B1DC-4555-9284-FDA667283BC6}.AppStore|iPhone.Deploy.0 = Release|x86
		{2E58477F-B1DC-4555-9284-FDA667283BC6}.AppStore|iPhoneSimulator.ActiveCfg = Release|x86
		{2E58477F-B1DC-4555-9284-FDA667283BC6}.AppStore|iPhoneSimulator.Build.0 = Release|x86
		{2E58477F-B1DC-4555-9284-FDA667283BC6}.AppStore|iPhoneSimulator.Deploy.0 = Release|x86
		{2E58477F-B1DC-4555-9284-FDA667283BC6}.AppStore|x64.ActiveCfg = Release|x64
		{2E58477F-B1DC-4555-9284-FDA667283BC6}.AppStore|x64.Build.0 = Release|x64
		{2E58477F-B1DC-4555-9284-FDA667283BC6}.AppStore|x64.Deploy.0 = Release|x64
		{2E58477F-B1DC-4555-9284-FDA667283BC6}.AppStore|x86.ActiveCfg = Release|x86
		{2E58477F-B1DC-4555-9284-FDA667283BC6}.AppStore|x86.Build.0 = Release|x86
		{2E58477F-B1DC-4555-9284-FDA667283BC6}.AppStore|x86.Deploy.0 = Release|x86
		{2E58477F-B1DC-4555-9284-FDA667283BC6}.Debug|Any CPU.ActiveCfg = Debug|x86
		{2E58477F-B1DC-4555-9284-FDA667283BC6}.Debug|ARM.ActiveCfg = Debug|ARM
		{2E58477F-B1DC-4555-9284-FDA667283BC6}.Debug|ARM.Build.0 = Debug|ARM
		{2E58477F-B1DC-4555-9284-FDA667283BC6}.Debug|ARM.Deploy.0 = Debug|ARM
		{2E58477F-B1DC-4555-9284-FDA667283BC6}.Debug|iPhone.ActiveCfg = Debug|x86
		{2E58477F-B1DC-4555-9284-FDA667283BC6}.Debug|iPhoneSimulator.ActiveCfg = Debug|x86
		{2E58477F-B1DC-4555-9284-FDA667283BC6}.Debug|x64.ActiveCfg = Debug|x64
		{2E58477F-B1DC-4555-9284-FDA667283BC6}.Debug|x64.Build.0 = Debug|x64
		{2E58477F-B1DC-4555-9284-FDA667283BC6}.Debug|x64.Deploy.0 = Debug|x64
		{2E58477F-B1DC-4555-9284-FDA667283BC6}.Debug|x86.ActiveCfg = Debug|x86
		{2E58477F-B1DC-4555-9284-FDA667283BC6}.Debug|x86.Build.0 = Debug|x86
		{2E58477F-B1DC-4555-9284-FDA667283BC6}.Debug|x86.Deploy.0 = Debug|x86
		{2E58477F-B1DC-4555-9284-FDA667283BC6}.Release|Any CPU.ActiveCfg = Release|x86
		{2E58477F-B1DC-4555-9284-FDA667283BC6}.Release|ARM.ActiveCfg = Release|ARM
		{2E58477F-B1DC-4555-9284-FDA667283BC6}.Release|ARM.Build.0 = Release|ARM
		{2E58477F-B1DC-4555-9284-FDA667283BC6}.Release|ARM.Deploy.0 = Release|ARM
		{2E58477F-B1DC-4555-9284-FDA667283BC6}.Release|iPhone.ActiveCfg = Release|x86
		{2E58477F-B1DC-4555-9284-FDA667283BC6}.Release|iPhoneSimulator.ActiveCfg = Release|x86
		{2E58477F-B1DC-4555-9284-FDA667283BC6}.Release|x64.ActiveCfg = Release|x64
		{2E58477F-B1DC-4555-9284-FDA667283BC6}.Release|x64.Build.0 = Release|x64
		{2E58477F-B1DC-4555-9284-FDA667283BC6}.Release|x64.Deploy.0 = Release|x64
		{2E58477F-B1DC-4555-9284-FDA667283BC6}.Release|x86.ActiveCfg = Release|x86
		{2E58477F-B1DC-4555-9284-FDA667283BC6}.Release|x86.Build.0 = Release|x86
		{2E58477F-B1DC-4555-9284-FDA667283BC6}.Release|x86.Deploy.0 = Release|x86
	EndGlobalSection
	GlobalSection(SolutionProperties) = preSolution
		HideSolutionNode = FALSE
	EndGlobalSection
EndGlobal
